Microsoft Visual Studio Solution File, Format Version 12.00
# Visual Studio Version 16
VisualStudioVersion = 16.0.29318.209
MinimumVisualStudioVersion = 10.0.40219.1
Project("{2150E333-8FDC-42A3-9474-1A3956D46DE8}") = "src", "src", "{106AE906-5075-410A-B941-912F811848EE}"
EndProject
Project("{2150E333-8FDC-42A3-9474-1A3956D46DE8}") = "tests", "tests", "{B31B4797-1D9F-4288-808C-BE9A31A98C7D}"
EndProject
Project("{9A19103F-16F7-4668-BE54-9A1E7A4F7556}") = "CleanArchitecture.Core", "..\src\CleanArchitecture.Core\CleanArchitecture.Core.csproj", "{4548EB20-1D1B-477B-AF6E-DD55653A6583}"
EndProject
Project("{9A19103F-16F7-4668-BE54-9A1E7A4F7556}") = "CleanArchitecture.Infrastructure", "..\src\CleanArchitecture.Infrastructure\CleanArchitecture.Infrastructure.csproj", "{220361D6-9C76-4E3F-BD34-3C7B50E2CA4D}"
EndProject
Project("{9A19103F-16F7-4668-BE54-9A1E7A4F7556}") = "CleanArchitecture.Web", "..\src\CleanArchitecture.Web\CleanArchitecture.Web.csproj", "{C9751CB7-4CD6-4633-A99A-4F6ADD525437}"
EndProject
Project("{FAE04EC0-301F-11D3-BF4B-00C04F79EFBC}") = "vsixTemplatePackSideWaffle", "..\vsixTemplatePackSideWaffle\vsixTemplatePackSideWaffle.csproj", "{BC6367D2-1174-47E7-BAA5-4E5B4BCAC873}"
EndProject
Project("{2150E333-8FDC-42A3-9474-1A3956D46DE8}") = "Solution Items", "Solution Items", "{A1E0EC81-D401-4559-A688-0D1E306C0BC6}"
	ProjectSection(SolutionItems) = preProject
		..\.bettercodehub.yml = ..\.bettercodehub.yml
		..\.codebeatignore = ..\.codebeatignore
		..\.gitignore = ..\.gitignore
		..\.hound.yml = ..\.hound.yml
		..\.sonarcloud.properties = ..\.sonarcloud.properties
		..\appveyor.yml = ..\appveyor.yml
		..\azure-pipelines.yml = ..\azure-pipelines.yml
		CHANGELOG.md = CHANGELOG.md
		..\README.md = ..\README.md
		..\renovate.json = ..\renovate.json
		..\.template.config\template.json = ..\.template.config\template.json
		..\.template.config\template.vstemplate = ..\.template.config\template.vstemplate
		todo MergeFromUpstream.txt = todo MergeFromUpstream.txt
		todo.txt = todo.txt
		VsmpPublish.json = VsmpPublish.json
		VsmpPublish.ps = VsmpPublish.ps
		VsmpReadMe.md = VsmpReadMe.md
	EndProjectSection
EndProject
Project("{9A19103F-16F7-4668-BE54-9A1E7A4F7556}") = "CleanArchitecture.FunctionalTests", "..\tests\CleanArchitecture.FunctionalTests\CleanArchitecture.FunctionalTests.csproj", "{51695A32-7D6B-45A9-9949-9BECBC02C1B7}"
EndProject
Project("{9A19103F-16F7-4668-BE54-9A1E7A4F7556}") = "CleanArchitecture.IntegrationTests", "..\tests\CleanArchitecture.IntegrationTests\CleanArchitecture.IntegrationTests.csproj", "{A983C3E6-7987-45F6-9F21-5609475E6E7F}"
EndProject
Project("{9A19103F-16F7-4668-BE54-9A1E7A4F7556}") = "CleanArchitecture.UnitTests", "..\tests\CleanArchitecture.Tests\CleanArchitecture.UnitTests.csproj", "{A78FB0D5-0FD3-44F5-B450-F35353832719}"
EndProject
Project("{9A19103F-16F7-4668-BE54-9A1E7A4F7556}") = "CleanArchitecture.SharedKernel", "..\src\CleanArchitecture.SharedKernel\CleanArchitecture.SharedKernel.csproj", "{7A17859B-2C35-43DD-A50D-10BAA794184C}"
EndProject
Global
	GlobalSection(SolutionConfigurationPlatforms) = preSolution
		Debug|Any CPU = Debug|Any CPU
		Debug|x64 = Debug|x64
		Debug|x86 = Debug|x86
		Release|Any CPU = Release|Any CPU
		Release|x64 = Release|x64
		Release|x86 = Release|x86
	EndGlobalSection
	GlobalSection(ProjectConfigurationPlatforms) = postSolution
		{4548EB20-1D1B-477B-AF6E-DD55653A6583}.Debug|Any CPU.ActiveCfg = Debug|Any CPU
		{4548EB20-1D1B-477B-AF6E-DD55653A6583}.Debug|Any CPU.Build.0 = Debug|Any CPU
		{4548EB20-1D1B-477B-AF6E-DD55653A6583}.Debug|x64.ActiveCfg = Debug|Any CPU
		{4548EB20-1D1B-477B-AF6E-DD55653A6583}.Debug|x64.Build.0 = Debug|Any CPU
		{4548EB20-1D1B-477B-AF6E-DD55653A6583}.Debug|x86.ActiveCfg = Debug|Any CPU
		{4548EB20-1D1B-477B-AF6E-DD55653A6583}.Debug|x86.Build.0 = Debug|Any CPU
		{4548EB20-1D1B-477B-AF6E-DD55653A6583}.Release|Any CPU.ActiveCfg = Release|Any CPU
		{4548EB20-1D1B-477B-AF6E-DD55653A6583}.Release|Any CPU.Build.0 = Release|Any CPU
		{4548EB20-1D1B-477B-AF6E-DD55653A6583}.Release|x64.ActiveCfg = Release|Any CPU
		{4548EB20-1D1B-477B-AF6E-DD55653A6583}.Release|x64.Build.0 = Release|Any CPU
		{4548EB20-1D1B-477B-AF6E-DD55653A6583}.Release|x86.ActiveCfg = Release|Any CPU
		{4548EB20-1D1B-477B-AF6E-DD55653A6583}.Release|x86.Build.0 = Release|Any CPU
		{220361D6-9C76-4E3F-BD34-3C7B50E2CA4D}.Debug|Any CPU.ActiveCfg = Debug|Any CPU
		{220361D6-9C76-4E3F-BD34-3C7B50E2CA4D}.Debug|Any CPU.Build.0 = Debug|Any CPU
		{220361D6-9C76-4E3F-BD34-3C7B50E2CA4D}.Debug|x64.ActiveCfg = Debug|Any CPU
		{220361D6-9C76-4E3F-BD34-3C7B50E2CA4D}.Debug|x64.Build.0 = Debug|Any CPU
		{220361D6-9C76-4E3F-BD34-3C7B50E2CA4D}.Debug|x86.ActiveCfg = Debug|Any CPU
		{220361D6-9C76-4E3F-BD34-3C7B50E2CA4D}.Debug|x86.Build.0 = Debug|Any CPU
		{220361D6-9C76-4E3F-BD34-3C7B50E2CA4D}.Release|Any CPU.ActiveCfg = Release|Any CPU
		{220361D6-9C76-4E3F-BD34-3C7B50E2CA4D}.Release|Any CPU.Build.0 = Release|Any CPU
		{220361D6-9C76-4E3F-BD34-3C7B50E2CA4D}.Release|x64.ActiveCfg = Release|Any CPU
		{220361D6-9C76-4E3F-BD34-3C7B50E2CA4D}.Release|x64.Build.0 = Release|Any CPU
		{220361D6-9C76-4E3F-BD34-3C7B50E2CA4D}.Release|x86.ActiveCfg = Release|Any CPU
		{220361D6-9C76-4E3F-BD34-3C7B50E2CA4D}.Release|x86.Build.0 = Release|Any CPU
		{C9751CB7-4CD6-4633-A99A-4F6ADD525437}.Debug|Any CPU.ActiveCfg = Debug|Any CPU
		{C9751CB7-4CD6-4633-A99A-4F6ADD525437}.Debug|Any CPU.Build.0 = Debug|Any CPU
		{C9751CB7-4CD6-4633-A99A-4F6ADD525437}.Debug|x64.ActiveCfg = Debug|Any CPU
		{C9751CB7-4CD6-4633-A99A-4F6ADD525437}.Debug|x64.Build.0 = Debug|Any CPU
		{C9751CB7-4CD6-4633-A99A-4F6ADD525437}.Debug|x86.ActiveCfg = Debug|Any CPU
		{C9751CB7-4CD6-4633-A99A-4F6ADD525437}.Debug|x86.Build.0 = Debug|Any CPU
		{C9751CB7-4CD6-4633-A99A-4F6ADD525437}.Release|Any CPU.ActiveCfg = Release|Any CPU
		{C9751CB7-4CD6-4633-A99A-4F6ADD525437}.Release|Any CPU.Build.0 = Release|Any CPU
		{C9751CB7-4CD6-4633-A99A-4F6ADD525437}.Release|x64.ActiveCfg = Release|Any CPU
		{C9751CB7-4CD6-4633-A99A-4F6ADD525437}.Release|x64.Build.0 = Release|Any CPU
		{C9751CB7-4CD6-4633-A99A-4F6ADD525437}.Release|x86.ActiveCfg = Release|Any CPU
		{C9751CB7-4CD6-4633-A99A-4F6ADD525437}.Release|x86.Build.0 = Release|Any CPU
		{BC6367D2-1174-47E7-BAA5-4E5B4BCAC873}.Debug|Any CPU.ActiveCfg = Debug|Any CPU
		{BC6367D2-1174-47E7-BAA5-4E5B4BCAC873}.Debug|Any CPU.Build.0 = Debug|Any CPU
		{BC6367D2-1174-47E7-BAA5-4E5B4BCAC873}.Debug|x64.ActiveCfg = Debug|Any CPU
		{BC6367D2-1174-47E7-BAA5-4E5B4BCAC873}.Debug|x64.Build.0 = Debug|Any CPU
		{BC6367D2-1174-47E7-BAA5-4E5B4BCAC873}.Debug|x86.ActiveCfg = Debug|Any CPU
		{BC6367D2-1174-47E7-BAA5-4E5B4BCAC873}.Debug|x86.Build.0 = Debug|Any CPU
		{BC6367D2-1174-47E7-BAA5-4E5B4BCAC873}.Release|Any CPU.ActiveCfg = Release|Any CPU
		{BC6367D2-1174-47E7-BAA5-4E5B4BCAC873}.Release|Any CPU.Build.0 = Release|Any CPU
		{BC6367D2-1174-47E7-BAA5-4E5B4BCAC873}.Release|x64.ActiveCfg = Release|Any CPU
		{BC6367D2-1174-47E7-BAA5-4E5B4BCAC873}.Release|x64.Build.0 = Release|Any CPU
		{BC6367D2-1174-47E7-BAA5-4E5B4BCAC873}.Release|x86.ActiveCfg = Release|Any CPU
		{BC6367D2-1174-47E7-BAA5-4E5B4BCAC873}.Release|x86.Build.0 = Release|Any CPU
		{51695A32-7D6B-45A9-9949-9BECBC02C1B7}.Debug|Any CPU.ActiveCfg = Debug|Any CPU
		{51695A32-7D6B-45A9-9949-9BECBC02C1B7}.Debug|Any CPU.Build.0 = Debug|Any CPU
		{51695A32-7D6B-45A9-9949-9BECBC02C1B7}.Debug|x64.ActiveCfg = Debug|Any CPU
		{51695A32-7D6B-45A9-9949-9BECBC02C1B7}.Debug|x64.Build.0 = Debug|Any CPU
		{51695A32-7D6B-45A9-9949-9BECBC02C1B7}.Debug|x86.ActiveCfg = Debug|Any CPU
		{51695A32-7D6B-45A9-9949-9BECBC02C1B7}.Debug|x86.Build.0 = Debug|Any CPU
		{51695A32-7D6B-45A9-9949-9BECBC02C1B7}.Release|Any CPU.ActiveCfg = Release|Any CPU
		{51695A32-7D6B-45A9-9949-9BECBC02C1B7}.Release|Any CPU.Build.0 = Release|Any CPU
		{51695A32-7D6B-45A9-9949-9BECBC02C1B7}.Release|x64.ActiveCfg = Release|Any CPU
		{51695A32-7D6B-45A9-9949-9BECBC02C1B7}.Release|x64.Build.0 = Release|Any CPU
		{51695A32-7D6B-45A9-9949-9BECBC02C1B7}.Release|x86.ActiveCfg = Release|Any CPU
		{51695A32-7D6B-45A9-9949-9BECBC02C1B7}.Release|x86.Build.0 = Release|Any CPU
		{A983C3E6-7987-45F6-9F21-5609475E6E7F}.Debug|Any CPU.ActiveCfg = Debug|Any CPU
		{A983C3E6-7987-45F6-9F21-5609475E6E7F}.Debug|Any CPU.Build.0 = Debug|Any CPU
		{A983C3E6-7987-45F6-9F21-5609475E6E7F}.Debug|x64.ActiveCfg = Debug|Any CPU
		{A983C3E6-7987-45F6-9F21-5609475E6E7F}.Debug|x64.Build.0 = Debug|Any CPU
		{A983C3E6-7987-45F6-9F21-5609475E6E7F}.Debug|x86.ActiveCfg = Debug|Any CPU
		{A983C3E6-7987-45F6-9F21-5609475E6E7F}.Debug|x86.Build.0 = Debug|Any CPU
		{A983C3E6-7987-45F6-9F21-5609475E6E7F}.Release|Any CPU.ActiveCfg = Release|Any CPU
		{A983C3E6-7987-45F6-9F21-5609475E6E7F}.Release|Any CPU.Build.0 = Release|Any CPU
		{A983C3E6-7987-45F6-9F21-5609475E6E7F}.Release|x64.ActiveCfg = Release|Any CPU
		{A983C3E6-7987-45F6-9F21-5609475E6E7F}.Release|x64.Build.0 = Release|Any CPU
		{A983C3E6-7987-45F6-9F21-5609475E6E7F}.Release|x86.ActiveCfg = Release|Any CPU
		{A983C3E6-7987-45F6-9F21-5609475E6E7F}.Release|x86.Build.0 = Release|Any CPU
		{A78FB0D5-0FD3-44F5-B450-F35353832719}.Debug|Any CPU.ActiveCfg = Debug|Any CPU
		{A78FB0D5-0FD3-44F5-B450-F35353832719}.Debug|Any CPU.Build.0 = Debug|Any CPU
		{A78FB0D5-0FD3-44F5-B450-F35353832719}.Debug|x64.ActiveCfg = Debug|Any CPU
		{A78FB0D5-0FD3-44F5-B450-F35353832719}.Debug|x64.Build.0 = Debug|Any CPU
		{A78FB0D5-0FD3-44F5-B450-F35353832719}.Debug|x86.ActiveCfg = Debug|Any CPU
		{A78FB0D5-0FD3-44F5-B450-F35353832719}.Debug|x86.Build.0 = Debug|Any CPU
		{A78FB0D5-0FD3-44F5-B450-F35353832719}.Release|Any CPU.ActiveCfg = Release|Any CPU
		{A78FB0D5-0FD3-44F5-B450-F35353832719}.Release|Any CPU.Build.0 = Release|Any CPU
		{A78FB0D5-0FD3-44F5-B450-F35353832719}.Release|x64.ActiveCfg = Release|Any CPU
		{A78FB0D5-0FD3-44F5-B450-F35353832719}.Release|x64.Build.0 = Release|Any CPU
		{A78FB0D5-0FD3-44F5-B450-F35353832719}.Release|x86.ActiveCfg = Release|Any CPU
		{A78FB0D5-0FD3-44F5-B450-F35353832719}.Release|x86.Build.0 = Release|Any CPU
		{7A17859B-2C35-43DD-A50D-10BAA794184C}.Debug|Any CPU.ActiveCfg = Debug|Any CPU
		{7A17859B-2C35-43DD-A50D-10BAA794184C}.Debug|Any CPU.Build.0 = Debug|Any CPU
		{7A17859B-2C35-43DD-A50D-10BAA794184C}.Debug|x64.ActiveCfg = Debug|Any CPU
		{7A17859B-2C35-43DD-A50D-10BAA794184C}.Debug|x64.Build.0 = Debug|Any CPU
		{7A17859B-2C35-43DD-A50D-10BAA794184C}.Debug|x86.ActiveCfg = Debug|Any CPU
		{7A17859B-2C35-43DD-A50D-10BAA794184C}.Debug|x86.Build.0 = Debug|Any CPU
		{7A17859B-2C35-43DD-A50D-10BAA794184C}.Release|Any CPU.ActiveCfg = Release|Any CPU
		{7A17859B-2C35-43DD-A50D-10BAA794184C}.Release|Any CPU.Build.0 = Release|Any CPU
		{7A17859B-2C35-43DD-A50D-10BAA794184C}.Release|x64.ActiveCfg = Release|Any CPU
		{7A17859B-2C35-43DD-A50D-10BAA794184C}.Release|x64.Build.0 = Release|Any CPU
		{7A17859B-2C35-43DD-A50D-10BAA794184C}.Release|x86.ActiveCfg = Release|Any CPU
		{7A17859B-2C35-43DD-A50D-10BAA794184C}.Release|x86.Build.0 = Release|Any CPU
	EndGlobalSection
	GlobalSection(SolutionProperties) = preSolution
		HideSolutionNode = FALSE
	EndGlobalSection
	GlobalSection(NestedProjects) = preSolution
		{4548EB20-1D1B-477B-AF6E-DD55653A6583} = {106AE906-5075-410A-B941-912F811848EE}
		{220361D6-9C76-4E3F-BD34-3C7B50E2CA4D} = {106AE906-5075-410A-B941-912F811848EE}
		{C9751CB7-4CD6-4633-A99A-4F6ADD525437} = {106AE906-5075-410A-B941-912F811848EE}
		{51695A32-7D6B-45A9-9949-9BECBC02C1B7} = {B31B4797-1D9F-4288-808C-BE9A31A98C7D}
		{A983C3E6-7987-45F6-9F21-5609475E6E7F} = {B31B4797-1D9F-4288-808C-BE9A31A98C7D}
		{A78FB0D5-0FD3-44F5-B450-F35353832719} = {B31B4797-1D9F-4288-808C-BE9A31A98C7D}
		{7A17859B-2C35-43DD-A50D-10BAA794184C} = {106AE906-5075-410A-B941-912F811848EE}
	EndGlobalSection
	GlobalSection(ExtensibilityGlobals) = postSolution
		SolutionGuid = {B0F19343-8185-4A9F-9165-0EA8544BC925}
	EndGlobalSection
EndGlobal
